// !$*UTF8*$!
{
	archiveVersion = 1;
	classes = {
	};
	objectVersion = 46;
	objects = {

/* Begin PBXBuildFile section */
		4B0DF5FA1DB7487E002F7380 /* AppDelegate.swift in Sources */ = {isa = PBXBuildFile; fileRef = 4B0DF5F91DB7487E002F7380 /* AppDelegate.swift */; };
		4B0DF5FC1DB7487E002F7380 /* ViewController.swift in Sources */ = {isa = PBXBuildFile; fileRef = 4B0DF5FB1DB7487E002F7380 /* ViewController.swift */; };
		4B0DF5FF1DB7487E002F7380 /* Main.storyboard in Resources */ = {isa = PBXBuildFile; fileRef = 4B0DF5FD1DB7487E002F7380 /* Main.storyboard */; };
		4B0DF6021DB7487E002F7380 /* ToDoList.xcdatamodeld in Sources */ = {isa = PBXBuildFile; fileRef = 4B0DF6001DB7487E002F7380 /* ToDoList.xcdatamodeld */; };
		4B0DF6041DB7487E002F7380 /* Assets.xcassets in Resources */ = {isa = PBXBuildFile; fileRef = 4B0DF6031DB7487E002F7380 /* Assets.xcassets */; };
		4B0DF6071DB7487E002F7380 /* LaunchScreen.storyboard in Resources */ = {isa = PBXBuildFile; fileRef = 4B0DF6051DB7487E002F7380 /* LaunchScreen.storyboard */; };
/* End PBXBuildFile section */

/* Begin PBXFileReference section */
		4B0DF5F61DB7487E002F7380 /* ToDoList.app */ = {isa = PBXFileReference; explicitFileType = wrapper.application; includeInIndex = 0; path = ToDoList.app; sourceTree = BUILT_PRODUCTS_DIR; };
		4B0DF5F91DB7487E002F7380 /* AppDelegate.swift */ = {isa = PBXFileReference; lastKnownFileType = sourcecode.swift; path = AppDelegate.swift; sourceTree = "<group>"; };
		4B0DF5FB1DB7487E002F7380 /* ViewController.swift */ = {isa = PBXFileReference; lastKnownFileType = sourcecode.swift; path = ViewController.swift; sourceTree = "<group>"; };
		4B0DF5FE1DB7487E002F7380 /* Base */ = {isa = PBXFileReference; lastKnownFileType = file.storyboard; name = Base; path = Base.lproj/Main.storyboard; sourceTree = "<group>"; };
		4B0DF6011DB7487E002F7380 /* ToDoList.xcdatamodel */ = {isa = PBXFileReference; lastKnownFileType = wrapper.xcdatamodel; path = ToDoList.xcdatamodel; sourceTree = "<group>"; };
		4B0DF6031DB7487E002F7380 /* Assets.xcassets */ = {isa = PBXFileReference; lastKnownFileType = folder.assetcatalog; path = Assets.xcassets; sourceTree = "<group>"; };
		4B0DF6061DB7487E002F7380 /* Base */ = {isa = PBXFileReference; lastKnownFileType = file.storyboard; name = Base; path = Base.lproj/LaunchScreen.storyboard; sourceTree = "<group>"; };
		4B0DF6081DB7487E002F7380 /* Info.plist */ = {isa = PBXFileReference; lastKnownFileType = text.plist.xml; path = Info.plist; sourceTree = "<group>"; };
/* End PBXFileReference section */

/* Begin PBXFrameworksBuildPhase section */
		4B0DF5F31DB7487E002F7380 /* Frameworks */ = {
			isa = PBXFrameworksBuildPhase;
			buildActionMask = 2147483647;
			files = (
			);
			runOnlyForDeploymentPostprocessing = 0;
		};
/* End PBXFrameworksBuildPhase section */

/* Begin PBXGroup section */
		4B0DF5ED1DB7487E002F7380 = {
			isa = PBXGroup;
			children = (
				4B0DF5F81DB7487E002F7380 /* ToDoList */,
				4B0DF5F71DB7487E002F7380 /* Products */,
			);
			sourceTree = "<group>";
		};
		4B0DF5F71DB7487E002F7380 /* Products */ = {
			isa = PBXGroup;
			children = (
				4B0DF5F61DB7487E002F7380 /* ToDoList.app */,
			);
			name = Products;
			sourceTree = "<group>";
		};
		4B0DF5F81DB7487E002F7380 /* ToDoList */ = {
			isa = PBXGroup;
			children = (
				4B0DF5F91DB7487E002F7380 /* AppDelegate.swift */,
				4B0DF5FB1DB7487E002F7380 /* ViewController.swift */,
				4B0DF5FD1DB7487E002F7380 /* Main.storyboard */,
				4B0DF6031DB7487E002F7380 /* Assets.xcassets */,
				4B0DF6051DB7487E002F7380 /* LaunchScreen.storyboard */,
				4B0DF6081DB7487E002F7380 /* Info.plist */,
				4B0DF6001DB7487E002F7380 /* ToDoList.xcdatamodeld */,
			);
			path = ToDoList;
			sourceTree = "<group>";
		};
/* End PBXGroup section */

/* Begin PBXNativeTarget section */
		4B0DF5F51DB7487E002F7380 /* ToDoList */ = {
			isa = PBXNativeTarget;
			buildConfigurationList = 4B0DF60B1DB7487E002F7380 /* Build configuration list for PBXNativeTarget "ToDoList" */;
			buildPhases = (
				4B0DF5F21DB7487E002F7380 /* Sources */,
				4B0DF5F31DB7487E002F7380 /* Frameworks */,
				4B0DF5F41DB7487E002F7380 /* Resources */,
			);
			buildRules = (
			);
			dependencies = (
			);
			name = ToDoList;
			productName = ToDoList;
			productReference = 4B0DF5F61DB7487E002F7380 /* ToDoList.app */;
			productType = "com.apple.product-type.application";
		};
/* End PBXNativeTarget section */

/* Begin PBXProject section */
		4B0DF5EE1DB7487E002F7380 /* Project object */ = {
			isa = PBXProject;
			attributes = {
				LastSwiftUpdateCheck = 0800;
				LastUpgradeCheck = 0800;
				ORGANIZATIONNAME = Sgmedical;
				TargetAttributes = {
					4B0DF5F51DB7487E002F7380 = {
						CreatedOnToolsVersion = 8.0;
						DevelopmentTeam = WTE562C6VP;
						ProvisioningStyle = Automatic;
					};
				};
			};
			buildConfigurationList = 4B0DF5F11DB7487E002F7380 /* Build configuration list for PBXProject "ToDoList" */;
			compatibilityVersion = "Xcode 3.2";
			developmentRegion = English;
			hasScannedForEncodings = 0;
			knownRegions = (
				en,
				Base,
			);
			mainGroup = 4B0DF5ED1DB7487E002F7380;
			productRefGroup = 4B0DF5F71DB7487E002F7380 /* Products */;
			projectDirPath = "";
			projectRoot = "";
			targets = (
				4B0DF5F51DB7487E002F7380 /* ToDoList */,
			);
		};
/* End PBXProject section */

/* Begin PBXResourcesBuildPhase section */
		4B0DF5F41DB7487E002F7380 /* Resources */ = {
			isa = PBXResourcesBuildPhase;
			buildActionMask = 2147483647;
			files = (
				4B0DF6071DB7487E002F7380 /* LaunchScreen.storyboard in Resources */,
				4B0DF6041DB7487E002F7380 /* Assets.xcassets in Resources */,
				4B0DF5FF1DB7487E002F7380 /* Main.storyboard in Resources */,
			);
			runOnlyForDeploymentPostprocessing = 0;
		};
/* End PBXResourcesBuildPhase section */

/* Begin PBXSourcesBuildPhase section */
		4B0DF5F21DB7487E002F7380 /* Sources */ = {
			isa = PBXSourcesBuildPhase;
			buildActionMask = 2147483647;
			files = (
				4B0DF5FC1DB7487E002F7380 /* ViewController.swift in Sources */,
				4B0DF6021DB7487E002F7380 /* ToDoList.xcdatamodeld in Sources */,
				4B0DF5FA1DB7487E002F7380 /* AppDelegate.swift in Sources */,
			);
			runOnlyForDeploymentPostprocessing = 0;
		};
/* End PBXSourcesBuildPhase section */

/* Begin PBXVariantGroup section */
		4B0DF5FD1DB7487E002F7380 /* Main.storyboard */ = {
			isa = PBXVariantGroup;
			children = (
				4B0DF5FE1DB7487E002F7380 /* Base */,
			);
			name = Main.storyboard;
			sourceTree = "<group>";
		};
		4B0DF6051DB7487E002F7380 /* LaunchScreen.storyboard */ = {
			isa = PBXVariantGroup;
			children = (
				4B0DF6061DB7487E002F7380 /* Base */,
			);
			name = LaunchScreen.storyboard;
			sourceTree = "<group>";
		};
/* End PBXVariantGroup section */

/* Begin XCBuildConfiguration section */
		4B0DF6091DB7487E002F7380 /* Debug */ = {
			isa = XCBuildConfiguration;
			buildSettings = {
				ALWAYS_SEARCH_USER_PATHS = NO;
				CLANG_ANALYZER_NONNULL = YES;
				CLANG_CXX_LANGUAGE_STANDARD = "gnu++0x";
				CLANG_CXX_LIBRARY = "libc++";
				CLANG_ENABLE_MODULES = YES;
				CLANG_ENABLE_OBJC_ARC = YES;
				CLANG_WARN_BOOL_CONVERSION = YES;
				CLANG_WARN_CONSTANT_CONVERSION = YES;
				CLANG_WARN_DIRECT_OBJC_ISA_USAGE = YES_ERROR;
				CLANG_WARN_DOCUMENTATION_COMMENTS = YES;
				CLANG_WARN_EMPTY_BODY = YES;
				CLANG_WARN_ENUM_CONVERSION = YES;
				CLANG_WARN_INFINITE_RECURSION = YES;
				CLANG_WARN_INT_CONVERSION = YES;
				CLANG_WARN_OBJC_ROOT_CLASS = YES_ERROR;
				CLANG_WARN_SUSPICIOUS_MOVES = YES;
				CLANG_WARN_UNREACHABLE_CODE = YES;
				CLANG_WARN__DUPLICATE_METHOD_MATCH = YES;
				"CODE_SIGN_IDENTITY[sdk=iphoneos*]" = "iPhone Developer";
				COPY_PHASE_STRIP = NO;
				DEBUG_INFORMATION_FORMAT = dwarf;
				ENABLE_STRICT_OBJC_MSGSEND = YES;
				ENABLE_TESTABILITY = YES;
				GCC_C_LANGUAGE_STANDARD = gnu99;
				GCC_DYNAMIC_NO_PIC = NO;
				GCC_NO_COMMON_BLOCKS = YES;
				GCC_OPTIMIZATION_LEVEL = 0;
				GCC_PREPROCESSOR_DEFINITIONS = (
					"DEBUG=1",
					"$(inherited)",
				);
				GCC_WARN_64_TO_32_BIT_CONVERSION = YES;
				GCC_WARN_ABOUT_RETURN_TYPE = YES_ERROR;
				GCC_WARN_UNDECLARED_SELECTOR = YES;
				GCC_WARN_UNINITIALIZED_AUTOS = YES_AGGRESSIVE;
				GCC_WARN_UNUSED_FUNCTION = YES;
				GCC_WARN_UNUSED_VARIABLE = YES;
				IPHONEOS_DEPLOYMENT_TARGET = 10.0;
				MTL_ENABLE_DEBUG_INFO = YES;
				ONLY_ACTIVE_ARCH = YES;
				SDKROOT = iphoneos;
				SWIFT_ACTIVE_COMPILATION_CONDITIONS = DEBUG;
				SWIFT_OPTIMIZATION_LEVEL = "-Onone";
			};
			name = Debug;
		};
		4B0DF60A1DB7487E002F7380 /* Release */ = {
			isa = XCBuildConfiguration;
			buildSettings = {
				ALWAYS_SEARCH_USER_PATHS = NO;
				CLANG_ANALYZER_NONNULL = YES;
				CLANG_CXX_LANGUAGE_STANDARD = "gnu++0x";
				CLANG_CXX_LIBRARY = "libc++";
				CLANG_ENABLE_MODULES = YES;
				CLANG_ENABLE_OBJC_ARC = YES;
				CLANG_WARN_BOOL_CONVERSION = YES;
				CLANG_WARN_CONSTANT_CONVERSION = YES;
				CLANG_WARN_DIRECT_OBJC_ISA_USAGE = YES_ERROR;
				CLANG_WARN_DOCUMENTATION_COMMENTS = YES;
				CLANG_WARN_EMPTY_BODY = YES;
				CLANG_WARN_ENUM_CONVERSION = YES;
				CLANG_WARN_INFINITE_RECURSION = YES;
				CLANG_WARN_INT_CONVERSION = YES;
				CLANG_WARN_OBJC_ROOT_CLASS = YES_ERROR;
				CLANG_WARN_SUSPICIOUS_MOVES = YES;
				CLANG_WARN_UNREACHABLE_CODE = YES;
				CLANG_WARN__DUPLICATE_METHOD_MATCH = YES;
				"CODE_SIGN_IDENTITY[sdk=iphoneos*]" = "iPhone Developer";
				COPY_PHASE_STRIP = NO;
				DEBUG_INFORMATION_FORMAT = "dwarf-with-dsym";
				ENABLE_NS_ASSERTIONS = NO;
				ENABLE_STRICT_OBJC_MSGSEND = YES;
				GCC_C_LANGUAGE_STANDARD = gnu99;
				GCC_NO_COMMON_BLOCKS = YES;
				GCC_WARN_64_TO_32_BIT_CONVERSION = YES;
				GCC_WARN_ABOUT_RETURN_TYPE = YES_ERROR;
				GCC_WARN_UNDECLARED_SELECTOR = YES;
				GCC_WARN_UNINITIALIZED_AUTOS = YES_AGGRESSIVE;
				GCC_WARN_UNUSED_FUNCTION = YES;
				GCC_WARN_UNUSED_VARIABLE = YES;
				IPHONEOS_DEPLOYMENT_TARGET = 10.0;
				MTL_ENABLE_DEBUG_INFO = NO;
				SDKROOT = iphoneos;
				SWIFT_OPTIMIZATION_LEVEL = "-Owholemodule";
				VALIDATE_PRODUCT = YES;
			};
			name = Release;
		};
		4B0DF60C1DB7487E002F7380 /* Debug */ = {
			isa = XCBuildConfiguration;
			buildSettings = {
				ASSETCATALOG_COMPILER_APPICON_NAME = AppIcon;
				DEVELOPMENT_TEAM = WTE562C6VP;
				INFOPLIST_FILE = ToDoList/Info.plist;
				LD_RUNPATH_SEARCH_PATHS = "$(inherited) @executable_path/Frameworks";
				PRODUCT_BUNDLE_IDENTIFIER = com.Sgmedical.ToDoList;
				PRODUCT_NAME = "$(TARGET_NAME)";
				SWIFT_VERSION = 3.0;
			};
			name = Debug;
		};
		4B0DF60D1DB7487E002F7380 /* Release */ = {
			isa = XCBuildConfiguration;
			buildSettings = {
				ASSETCATALOG_COMPILER_APPICON_NAME = AppIcon;
				DEVELOPMENT_TEAM = WTE562C6VP;
				INFOPLIST_FILE = ToDoList/Info.plist;
				LD_RUNPATH_SEARCH_PATHS = "$(inherited) @executable_path/Frameworks";
				PRODUCT_BUNDLE_IDENTIFIER = com.Sgmedical.ToDoList;
				PRODUCT_NAME = "$(TARGET_NAME)";
				SWIFT_VERSION = 3.0;
			};
			name = Release;
		};
/* End XCBuildConfiguration section */

/* Begin XCConfigurationList section */
		4B0DF5F11DB7487E002F7380 /* Build configuration list for PBXProject "ToDoList" */ = {
			isa = XCConfigurationList;
			buildConfigurations = (
				4B0DF6091DB7487E002F7380 /* Debug */,
				4B0DF60A1DB7487E002F7380 /* Release */,
			);
			defaultConfigurationIsVisible = 0;
			defaultConfigurationName = Release;
		};
		4B0DF60B1DB7487E002F7380 /* Build configuration list for PBXNativeTarget "ToDoList" */ = {
			isa = XCConfigurationList;
			buildConfigurations = (
				4B0DF60C1DB7487E002F7380 /* Debug */,
				4B0DF60D1DB7487E002F7380 /* Release */,
			);
			defaultConfigurationIsVisible = 0;
		};
/* End XCConfigurationList section */

/* Begin XCVersionGroup section */
		4B0DF6001DB7487E002F7380 /* ToDoList.xcdatamodeld */ = {
			isa = XCVersionGroup;
			children = (
				4B0DF6011DB7487E002F7380 /* ToDoList.xcdatamodel */,
			);
			currentVersion = 4B0DF6011DB7487E002F7380 /* ToDoList.xcdatamodel */;
			path = ToDoList.xcdatamodeld;
			sourceTree = "<group>";
			versionGroupType = wrapper.xcdatamodel;
		};
/* End XCVersionGroup section */
	};
	rootObject = 4B0DF5EE1DB7487E002F7380 /* Project object */;
}
